// !$*UTF8*$!
{
	archiveVersion = 1;
	classes = {
	};
	objectVersion = 55;
	objects = {

/* Begin PBXBuildFile section */
		FC9DF9502924DAD1008E8D79 /* SwiftMindstorms in Frameworks */ = {isa = PBXBuildFile; productRef = FC9DF94F2924DAD1008E8D79 /* SwiftMindstorms */; };
		FC9DF955292D5400008E8D79 /* GearedMotorController.swift in Sources */ = {isa = PBXBuildFile; fileRef = FC9DF954292D5400008E8D79 /* GearedMotorController.swift */; };
		FC9DF959292D5472008E8D79 /* LinearCamMotorController.swift in Sources */ = {isa = PBXBuildFile; fileRef = FC9DF958292D5472008E8D79 /* LinearCamMotorController.swift */; };
		FC9DF95B292D5491008E8D79 /* Protocols.swift in Sources */ = {isa = PBXBuildFile; fileRef = FC9DF95A292D5491008E8D79 /* Protocols.swift */; };
		FC9DF95D292D7A5F008E8D79 /* DirectMotorController.swift in Sources */ = {isa = PBXBuildFile; fileRef = FC9DF95C292D7A5F008E8D79 /* DirectMotorController.swift */; };
		FC9DF95F292E0B1D008E8D79 /* LinearBacklashMotorController.swift in Sources */ = {isa = PBXBuildFile; fileRef = FC9DF95E292E0B1D008E8D79 /* LinearBacklashMotorController.swift */; };
		FC9DF961292F95DA008E8D79 /* DocumentBrowserViewController.swift in Sources */ = {isa = PBXBuildFile; fileRef = FC9DF960292F95DA008E8D79 /* DocumentBrowserViewController.swift */; };
		FC9DF989292FB144008E8D79 /* PrintViewController.swift in Sources */ = {isa = PBXBuildFile; fileRef = FC9DF988292FB144008E8D79 /* PrintViewController.swift */; };
		FC9DF99329300CE6008E8D79 /* QuickLookThumbnailing.framework in Frameworks */ = {isa = PBXBuildFile; fileRef = FC9DF99229300CE6008E8D79 /* QuickLookThumbnailing.framework */; };
		FC9DF99629300CE6008E8D79 /* ThumbnailProvider.swift in Sources */ = {isa = PBXBuildFile; fileRef = FC9DF99529300CE6008E8D79 /* ThumbnailProvider.swift */; };
		FC9DF99A29300CE6008E8D79 /* PrintyThumbnail.appex in Embed App Extensions */ = {isa = PBXBuildFile; fileRef = FC9DF99029300CE6008E8D79 /* PrintyThumbnail.appex */; settings = {ATTRIBUTES = (RemoveHeadersOnCopy, ); }; };
		FC9DF9A729300D90008E8D79 /* PrintySDK.h in Headers */ = {isa = PBXBuildFile; fileRef = FC9DF9A629300D90008E8D79 /* PrintySDK.h */; settings = {ATTRIBUTES = (Public, ); }; };
		FC9DF9AA29300D90008E8D79 /* PrintySDK.framework in Frameworks */ = {isa = PBXBuildFile; fileRef = FC9DF9A429300D90008E8D79 /* PrintySDK.framework */; };
		FC9DF9AB29300D90008E8D79 /* PrintySDK.framework in Embed Frameworks */ = {isa = PBXBuildFile; fileRef = FC9DF9A429300D90008E8D79 /* PrintySDK.framework */; settings = {ATTRIBUTES = (CodeSignOnCopy, RemoveHeadersOnCopy, ); }; };
		FC9DF9B129300D98008E8D79 /* Image.swift in Sources */ = {isa = PBXBuildFile; fileRef = FC9DF986292FA2C0008E8D79 /* Image.swift */; };
		FC9DF9B229300D9D008E8D79 /* ImageRenderer.swift in Sources */ = {isa = PBXBuildFile; fileRef = FC9DF98A292FBD7A008E8D79 /* ImageRenderer.swift */; };
		FC9DF9B329300DA1008E8D79 /* Printer.swift in Sources */ = {isa = PBXBuildFile; fileRef = FC9DF9512924DB1B008E8D79 /* Printer.swift */; };
		FC9DF9B429300EA0008E8D79 /* Document.swift in Sources */ = {isa = PBXBuildFile; fileRef = FC9DF984292FA243008E8D79 /* Document.swift */; };
		FC9DF9B72930100F008E8D79 /* PrintySDK.framework in Frameworks */ = {isa = PBXBuildFile; fileRef = FC9DF9A429300D90008E8D79 /* PrintySDK.framework */; };
		FC9DF9B82930100F008E8D79 /* PrintySDK.framework in Embed Frameworks */ = {isa = PBXBuildFile; fileRef = FC9DF9A429300D90008E8D79 /* PrintySDK.framework */; settings = {ATTRIBUTES = (CodeSignOnCopy, RemoveHeadersOnCopy, ); }; };
		FCE646582924C339004EB546 /* AppDelegate.swift in Sources */ = {isa = PBXBuildFile; fileRef = FCE646572924C339004EB546 /* AppDelegate.swift */; };
		FCE6465C2924C339004EB546 /* DocumentEditorViewController.swift in Sources */ = {isa = PBXBuildFile; fileRef = FCE6465B2924C339004EB546 /* DocumentEditorViewController.swift */; };
		FCE646612924C33A004EB546 /* Assets.xcassets in Resources */ = {isa = PBXBuildFile; fileRef = FCE646602924C33A004EB546 /* Assets.xcassets */; };
		FCE646642924C33A004EB546 /* LaunchScreen.storyboard in Resources */ = {isa = PBXBuildFile; fileRef = FCE646622924C33A004EB546 /* LaunchScreen.storyboard */; };
/* End PBXBuildFile section */

/* Begin PBXContainerItemProxy section */
		FC9DF99829300CE6008E8D79 /* PBXContainerItemProxy */ = {
			isa = PBXContainerItemProxy;
			containerPortal = FCE6464C2924C339004EB546 /* Project object */;
			proxyType = 1;
			remoteGlobalIDString = FC9DF98F29300CE6008E8D79;
			remoteInfo = PrintyThumbnail;
		};
		FC9DF9A829300D90008E8D79 /* PBXContainerItemProxy */ = {
			isa = PBXContainerItemProxy;
			containerPortal = FCE6464C2924C339004EB546 /* Project object */;
			proxyType = 1;
			remoteGlobalIDString = FC9DF9A329300D90008E8D79;
			remoteInfo = PrintySDK;
		};
		FC9DF9B529301006008E8D79 /* PBXContainerItemProxy */ = {
			isa = PBXContainerItemProxy;
			containerPortal = FCE6464C2924C339004EB546 /* Project object */;
			proxyType = 1;
			remoteGlobalIDString = FC9DF9A329300D90008E8D79;
			remoteInfo = PrintySDK;
		};
		FC9DF9B92930100F008E8D79 /* PBXContainerItemProxy */ = {
			isa = PBXContainerItemProxy;
			containerPortal = FCE6464C2924C339004EB546 /* Project object */;
			proxyType = 1;
			remoteGlobalIDString = FC9DF9A329300D90008E8D79;
			remoteInfo = PrintySDK;
		};
/* End PBXContainerItemProxy section */

/* Begin PBXCopyFilesBuildPhase section */
		FC9DF99E29300CE6008E8D79 /* Embed App Extensions */ = {
			isa = PBXCopyFilesBuildPhase;
			buildActionMask = 2147483647;
			dstPath = "";
			dstSubfolderSpec = 13;
			files = (
				FC9DF99A29300CE6008E8D79 /* PrintyThumbnail.appex in Embed App Extensions */,
			);
			name = "Embed App Extensions";
			runOnlyForDeploymentPostprocessing = 0;
		};
		FC9DF9AF29300D90008E8D79 /* Embed Frameworks */ = {
			isa = PBXCopyFilesBuildPhase;
			buildActionMask = 2147483647;
			dstPath = "";
			dstSubfolderSpec = 10;
			files = (
				FC9DF9AB29300D90008E8D79 /* PrintySDK.framework in Embed Frameworks */,
			);
			name = "Embed Frameworks";
			runOnlyForDeploymentPostprocessing = 0;
		};
		FC9DF9BB2930100F008E8D79 /* Embed Frameworks */ = {
			isa = PBXCopyFilesBuildPhase;
			buildActionMask = 2147483647;
			dstPath = "";
			dstSubfolderSpec = 10;
			files = (
				FC9DF9B82930100F008E8D79 /* PrintySDK.framework in Embed Frameworks */,
			);
			name = "Embed Frameworks";
			runOnlyForDeploymentPostprocessing = 0;
		};
/* End PBXCopyFilesBuildPhase section */

/* Begin PBXFileReference section */
		FC9DF9512924DB1B008E8D79 /* Printer.swift */ = {isa = PBXFileReference; lastKnownFileType = sourcecode.swift; path = Printer.swift; sourceTree = "<group>"; };
		FC9DF953292CEB43008E8D79 /* README.md */ = {isa = PBXFileReference; lastKnownFileType = net.daringfireball.markdown; path = README.md; sourceTree = "<group>"; };
		FC9DF954292D5400008E8D79 /* GearedMotorController.swift */ = {isa = PBXFileReference; lastKnownFileType = sourcecode.swift; path = GearedMotorController.swift; sourceTree = "<group>"; };
		FC9DF958292D5472008E8D79 /* LinearCamMotorController.swift */ = {isa = PBXFileReference; lastKnownFileType = sourcecode.swift; path = LinearCamMotorController.swift; sourceTree = "<group>"; };
		FC9DF95A292D5491008E8D79 /* Protocols.swift */ = {isa = PBXFileReference; lastKnownFileType = sourcecode.swift; path = Protocols.swift; sourceTree = "<group>"; };
		FC9DF95C292D7A5F008E8D79 /* DirectMotorController.swift */ = {isa = PBXFileReference; lastKnownFileType = sourcecode.swift; path = DirectMotorController.swift; sourceTree = "<group>"; };
		FC9DF95E292E0B1D008E8D79 /* LinearBacklashMotorController.swift */ = {isa = PBXFileReference; lastKnownFileType = sourcecode.swift; path = LinearBacklashMotorController.swift; sourceTree = "<group>"; };
		FC9DF960292F95DA008E8D79 /* DocumentBrowserViewController.swift */ = {isa = PBXFileReference; lastKnownFileType = sourcecode.swift; path = DocumentBrowserViewController.swift; sourceTree = "<group>"; };
		FC9DF984292FA243008E8D79 /* Document.swift */ = {isa = PBXFileReference; lastKnownFileType = sourcecode.swift; path = Document.swift; sourceTree = "<group>"; };
		FC9DF986292FA2C0008E8D79 /* Image.swift */ = {isa = PBXFileReference; lastKnownFileType = sourcecode.swift; path = Image.swift; sourceTree = "<group>"; };
		FC9DF988292FB144008E8D79 /* PrintViewController.swift */ = {isa = PBXFileReference; lastKnownFileType = sourcecode.swift; path = PrintViewController.swift; sourceTree = "<group>"; };
		FC9DF98A292FBD7A008E8D79 /* ImageRenderer.swift */ = {isa = PBXFileReference; lastKnownFileType = sourcecode.swift; path = ImageRenderer.swift; sourceTree = "<group>"; };
		FC9DF99029300CE6008E8D79 /* PrintyThumbnail.appex */ = {isa = PBXFileReference; explicitFileType = "wrapper.app-extension"; includeInIndex = 0; path = PrintyThumbnail.appex; sourceTree = BUILT_PRODUCTS_DIR; };
		FC9DF99229300CE6008E8D79 /* QuickLookThumbnailing.framework */ = {isa = PBXFileReference; lastKnownFileType = wrapper.framework; name = QuickLookThumbnailing.framework; path = System/Library/Frameworks/QuickLookThumbnailing.framework; sourceTree = SDKROOT; };
		FC9DF99529300CE6008E8D79 /* ThumbnailProvider.swift */ = {isa = PBXFileReference; lastKnownFileType = sourcecode.swift; path = ThumbnailProvider.swift; sourceTree = "<group>"; };
		FC9DF99729300CE6008E8D79 /* Info.plist */ = {isa = PBXFileReference; lastKnownFileType = text.plist.xml; path = Info.plist; sourceTree = "<group>"; };
		FC9DF9A429300D90008E8D79 /* PrintySDK.framework */ = {isa = PBXFileReference; explicitFileType = wrapper.framework; includeInIndex = 0; path = PrintySDK.framework; sourceTree = BUILT_PRODUCTS_DIR; };
		FC9DF9A629300D90008E8D79 /* PrintySDK.h */ = {isa = PBXFileReference; lastKnownFileType = sourcecode.c.h; path = PrintySDK.h; sourceTree = "<group>"; };
		FCE646542924C339004EB546 /* Printy.app */ = {isa = PBXFileReference; explicitFileType = wrapper.application; includeInIndex = 0; path = Printy.app; sourceTree = BUILT_PRODUCTS_DIR; };
		FCE646572924C339004EB546 /* AppDelegate.swift */ = {isa = PBXFileReference; lastKnownFileType = sourcecode.swift; path = AppDelegate.swift; sourceTree = "<group>"; };
		FCE6465B2924C339004EB546 /* DocumentEditorViewController.swift */ = {isa = PBXFileReference; lastKnownFileType = sourcecode.swift; path = DocumentEditorViewController.swift; sourceTree = "<group>"; };
		FCE646602924C33A004EB546 /* Assets.xcassets */ = {isa = PBXFileReference; lastKnownFileType = folder.assetcatalog; path = Assets.xcassets; sourceTree = "<group>"; };
		FCE646632924C33A004EB546 /* Base */ = {isa = PBXFileReference; lastKnownFileType = file.storyboard; name = Base; path = Base.lproj/LaunchScreen.storyboard; sourceTree = "<group>"; };
		FCE646652924C33A004EB546 /* Info.plist */ = {isa = PBXFileReference; lastKnownFileType = text.plist.xml; path = Info.plist; sourceTree = "<group>"; };
/* End PBXFileReference section */

/* Begin PBXFrameworksBuildPhase section */
		FC9DF98D29300CE6008E8D79 /* Frameworks */ = {
			isa = PBXFrameworksBuildPhase;
			buildActionMask = 2147483647;
			files = (
				FC9DF99329300CE6008E8D79 /* QuickLookThumbnailing.framework in Frameworks */,
				FC9DF9B72930100F008E8D79 /* PrintySDK.framework in Frameworks */,
			);
			runOnlyForDeploymentPostprocessing = 0;
		};
		FC9DF9A129300D90008E8D79 /* Frameworks */ = {
			isa = PBXFrameworksBuildPhase;
			buildActionMask = 2147483647;
			files = (
			);
			runOnlyForDeploymentPostprocessing = 0;
		};
		FCE646512924C339004EB546 /* Frameworks */ = {
			isa = PBXFrameworksBuildPhase;
			buildActionMask = 2147483647;
			files = (
				FC9DF9502924DAD1008E8D79 /* SwiftMindstorms in Frameworks */,
				FC9DF9AA29300D90008E8D79 /* PrintySDK.framework in Frameworks */,
			);
			runOnlyForDeploymentPostprocessing = 0;
		};
/* End PBXFrameworksBuildPhase section */

/* Begin PBXGroup section */
		FC9DF99129300CE6008E8D79 /* Frameworks */ = {
			isa = PBXGroup;
			children = (
				FC9DF99229300CE6008E8D79 /* QuickLookThumbnailing.framework */,
			);
			name = Frameworks;
			sourceTree = "<group>";
		};
		FC9DF99429300CE6008E8D79 /* PrintyThumbnail */ = {
			isa = PBXGroup;
			children = (
				FC9DF99529300CE6008E8D79 /* ThumbnailProvider.swift */,
				FC9DF99729300CE6008E8D79 /* Info.plist */,
			);
			path = PrintyThumbnail;
			sourceTree = "<group>";
		};
		FC9DF9A529300D90008E8D79 /* PrintySDK */ = {
			isa = PBXGroup;
			children = (
				FC9DF9A629300D90008E8D79 /* PrintySDK.h */,
				FC9DF984292FA243008E8D79 /* Document.swift */,
				FC9DF986292FA2C0008E8D79 /* Image.swift */,
				FC9DF98A292FBD7A008E8D79 /* ImageRenderer.swift */,
			);
			path = PrintySDK;
			sourceTree = "<group>";
		};
		FCE6464B2924C339004EB546 = {
			isa = PBXGroup;
			children = (
				FCE646562924C339004EB546 /* Printy */,
				FC9DF99429300CE6008E8D79 /* PrintyThumbnail */,
				FC9DF9A529300D90008E8D79 /* PrintySDK */,
				FC9DF99129300CE6008E8D79 /* Frameworks */,
				FCE646552924C339004EB546 /* Products */,
			);
			sourceTree = "<group>";
		};
		FCE646552924C339004EB546 /* Products */ = {
			isa = PBXGroup;
			children = (
				FCE646542924C339004EB546 /* Printy.app */,
				FC9DF99029300CE6008E8D79 /* PrintyThumbnail.appex */,
				FC9DF9A429300D90008E8D79 /* PrintySDK.framework */,
			);
			name = Products;
			sourceTree = "<group>";
		};
		FCE646562924C339004EB546 /* Printy */ = {
			isa = PBXGroup;
			children = (
				FC9DF953292CEB43008E8D79 /* README.md */,
				FCE646572924C339004EB546 /* AppDelegate.swift */,
				FC9DF960292F95DA008E8D79 /* DocumentBrowserViewController.swift */,
				FCE6465B2924C339004EB546 /* DocumentEditorViewController.swift */,
				FC9DF988292FB144008E8D79 /* PrintViewController.swift */,
				FC9DF9512924DB1B008E8D79 /* Printer.swift */,
				FC9DF95A292D5491008E8D79 /* Protocols.swift */,
				FC9DF95E292E0B1D008E8D79 /* LinearBacklashMotorController.swift */,
				FC9DF958292D5472008E8D79 /* LinearCamMotorController.swift */,
				FC9DF954292D5400008E8D79 /* GearedMotorController.swift */,
				FC9DF95C292D7A5F008E8D79 /* DirectMotorController.swift */,
				FCE646602924C33A004EB546 /* Assets.xcassets */,
				FCE646622924C33A004EB546 /* LaunchScreen.storyboard */,
				FCE646652924C33A004EB546 /* Info.plist */,
			);
			path = Printy;
			sourceTree = "<group>";
		};
/* End PBXGroup section */

/* Begin PBXHeadersBuildPhase section */
		FC9DF99F29300D90008E8D79 /* Headers */ = {
			isa = PBXHeadersBuildPhase;
			buildActionMask = 2147483647;
			files = (
				FC9DF9A729300D90008E8D79 /* PrintySDK.h in Headers */,
			);
			runOnlyForDeploymentPostprocessing = 0;
		};
/* End PBXHeadersBuildPhase section */

/* Begin PBXNativeTarget section */
		FC9DF98F29300CE6008E8D79 /* PrintyThumbnail */ = {
			isa = PBXNativeTarget;
			buildConfigurationList = FC9DF99B29300CE6008E8D79 /* Build configuration list for PBXNativeTarget "PrintyThumbnail" */;
			buildPhases = (
				FC9DF98C29300CE6008E8D79 /* Sources */,
				FC9DF98D29300CE6008E8D79 /* Frameworks */,
				FC9DF98E29300CE6008E8D79 /* Resources */,
				FC9DF9BB2930100F008E8D79 /* Embed Frameworks */,
			);
			buildRules = (
			);
			dependencies = (
				FC9DF9B629301006008E8D79 /* PBXTargetDependency */,
				FC9DF9BA2930100F008E8D79 /* PBXTargetDependency */,
			);
			name = PrintyThumbnail;
			productName = PrintyThumbnail;
			productReference = FC9DF99029300CE6008E8D79 /* PrintyThumbnail.appex */;
			productType = "com.apple.product-type.app-extension";
		};
		FC9DF9A329300D90008E8D79 /* PrintySDK */ = {
			isa = PBXNativeTarget;
			buildConfigurationList = FC9DF9AC29300D90008E8D79 /* Build configuration list for PBXNativeTarget "PrintySDK" */;
			buildPhases = (
				FC9DF99F29300D90008E8D79 /* Headers */,
				FC9DF9A029300D90008E8D79 /* Sources */,
				FC9DF9A129300D90008E8D79 /* Frameworks */,
				FC9DF9A229300D90008E8D79 /* Resources */,
			);
			buildRules = (
			);
			dependencies = (
			);
			name = PrintySDK;
			productName = PrintySDK;
			productReference = FC9DF9A429300D90008E8D79 /* PrintySDK.framework */;
			productType = "com.apple.product-type.framework";
		};
		FCE646532924C339004EB546 /* Printy */ = {
			isa = PBXNativeTarget;
			buildConfigurationList = FCE646682924C33A004EB546 /* Build configuration list for PBXNativeTarget "Printy" */;
			buildPhases = (
				FCE646502924C339004EB546 /* Sources */,
				FCE646512924C339004EB546 /* Frameworks */,
				FCE646522924C339004EB546 /* Resources */,
				FC9DF99E29300CE6008E8D79 /* Embed App Extensions */,
				FC9DF9AF29300D90008E8D79 /* Embed Frameworks */,
			);
			buildRules = (
			);
			dependencies = (
				FC9DF99929300CE6008E8D79 /* PBXTargetDependency */,
				FC9DF9A929300D90008E8D79 /* PBXTargetDependency */,
			);
			name = Printy;
			packageProductDependencies = (
				FC9DF94F2924DAD1008E8D79 /* SwiftMindstorms */,
			);
			productName = Printy;
			productReference = FCE646542924C339004EB546 /* Printy.app */;
			productType = "com.apple.product-type.application";
		};
/* End PBXNativeTarget section */

/* Begin PBXProject section */
		FCE6464C2924C339004EB546 /* Project object */ = {
			isa = PBXProject;
			attributes = {
				BuildIndependentTargetsInParallel = 1;
				LastSwiftUpdateCheck = 1340;
				LastUpgradeCheck = 1340;
				TargetAttributes = {
					FC9DF98F29300CE6008E8D79 = {
						CreatedOnToolsVersion = 13.4.1;
					};
					FC9DF9A329300D90008E8D79 = {
						CreatedOnToolsVersion = 13.4.1;
					};
					FCE646532924C339004EB546 = {
						CreatedOnToolsVersion = 13.4.1;
					};
				};
			};
			buildConfigurationList = FCE6464F2924C339004EB546 /* Build configuration list for PBXProject "Printy" */;
			compatibilityVersion = "Xcode 13.0";
			developmentRegion = en;
			hasScannedForEncodings = 0;
			knownRegions = (
				en,
				Base,
			);
			mainGroup = FCE6464B2924C339004EB546;
			packageReferences = (
				FC9DF94E2924DAD1008E8D79 /* XCRemoteSwiftPackageReference "swift-mindstorms" */,
			);
			productRefGroup = FCE646552924C339004EB546 /* Products */;
			projectDirPath = "";
			projectRoot = "";
			targets = (
				FCE646532924C339004EB546 /* Printy */,
				FC9DF98F29300CE6008E8D79 /* PrintyThumbnail */,
				FC9DF9A329300D90008E8D79 /* PrintySDK */,
			);
		};
/* End PBXProject section */

/* Begin PBXResourcesBuildPhase section */
		FC9DF98E29300CE6008E8D79 /* Resources */ = {
			isa = PBXResourcesBuildPhase;
			buildActionMask = 2147483647;
			files = (
			);
			runOnlyForDeploymentPostprocessing = 0;
		};
		FC9DF9A229300D90008E8D79 /* Resources */ = {
			isa = PBXResourcesBuildPhase;
			buildActionMask = 2147483647;
			files = (
			);
			runOnlyForDeploymentPostprocessing = 0;
		};
		FCE646522924C339004EB546 /* Resources */ = {
			isa = PBXResourcesBuildPhase;
			buildActionMask = 2147483647;
			files = (
				FCE646642924C33A004EB546 /* LaunchScreen.storyboard in Resources */,
				FCE646612924C33A004EB546 /* Assets.xcassets in Resources */,
			);
			runOnlyForDeploymentPostprocessing = 0;
		};
/* End PBXResourcesBuildPhase section */

/* Begin PBXSourcesBuildPhase section */
		FC9DF98C29300CE6008E8D79 /* Sources */ = {
			isa = PBXSourcesBuildPhase;
			buildActionMask = 2147483647;
			files = (
				FC9DF99629300CE6008E8D79 /* ThumbnailProvider.swift in Sources */,
			);
			runOnlyForDeploymentPostprocessing = 0;
		};
		FC9DF9A029300D90008E8D79 /* Sources */ = {
			isa = PBXSourcesBuildPhase;
			buildActionMask = 2147483647;
			files = (
				FC9DF9B229300D9D008E8D79 /* ImageRenderer.swift in Sources */,
				FC9DF9B129300D98008E8D79 /* Image.swift in Sources */,
				FC9DF9B429300EA0008E8D79 /* Document.swift in Sources */,
			);
			runOnlyForDeploymentPostprocessing = 0;
		};
		FCE646502924C339004EB546 /* Sources */ = {
			isa = PBXSourcesBuildPhase;
			buildActionMask = 2147483647;
			files = (
				FC9DF95B292D5491008E8D79 /* Protocols.swift in Sources */,
				FC9DF961292F95DA008E8D79 /* DocumentBrowserViewController.swift in Sources */,
				FC9DF959292D5472008E8D79 /* LinearCamMotorController.swift in Sources */,
				FC9DF955292D5400008E8D79 /* GearedMotorController.swift in Sources */,
				FC9DF9B329300DA1008E8D79 /* Printer.swift in Sources */,
				FC9DF989292FB144008E8D79 /* PrintViewController.swift in Sources */,
				FCE6465C2924C339004EB546 /* DocumentEditorViewController.swift in Sources */,
				FC9DF95D292D7A5F008E8D79 /* DirectMotorController.swift in Sources */,
				FCE646582924C339004EB546 /* AppDelegate.swift in Sources */,
				FC9DF95F292E0B1D008E8D79 /* LinearBacklashMotorController.swift in Sources */,
			);
			runOnlyForDeploymentPostprocessing = 0;
		};
/* End PBXSourcesBuildPhase section */

/* Begin PBXTargetDependency section */
		FC9DF99929300CE6008E8D79 /* PBXTargetDependency */ = {
			isa = PBXTargetDependency;
			target = FC9DF98F29300CE6008E8D79 /* PrintyThumbnail */;
			targetProxy = FC9DF99829300CE6008E8D79 /* PBXContainerItemProxy */;
		};
		FC9DF9A929300D90008E8D79 /* PBXTargetDependency */ = {
			isa = PBXTargetDependency;
			target = FC9DF9A329300D90008E8D79 /* PrintySDK */;
			targetProxy = FC9DF9A829300D90008E8D79 /* PBXContainerItemProxy */;
		};
		FC9DF9B629301006008E8D79 /* PBXTargetDependency */ = {
			isa = PBXTargetDependency;
			target = FC9DF9A329300D90008E8D79 /* PrintySDK */;
			targetProxy = FC9DF9B529301006008E8D79 /* PBXContainerItemProxy */;
		};
		FC9DF9BA2930100F008E8D79 /* PBXTargetDependency */ = {
			isa = PBXTargetDependency;
			target = FC9DF9A329300D90008E8D79 /* PrintySDK */;
			targetProxy = FC9DF9B92930100F008E8D79 /* PBXContainerItemProxy */;
		};
/* End PBXTargetDependency section */

/* Begin PBXVariantGroup section */
		FCE646622924C33A004EB546 /* LaunchScreen.storyboard */ = {
			isa = PBXVariantGroup;
			children = (
				FCE646632924C33A004EB546 /* Base */,
			);
			name = LaunchScreen.storyboard;
			sourceTree = "<group>";
		};
/* End PBXVariantGroup section */

/* Begin XCBuildConfiguration section */
		FC9DF99C29300CE6008E8D79 /* Debug */ = {
			isa = XCBuildConfiguration;
			buildSettings = {
				CODE_SIGN_STYLE = Automatic;
				CURRENT_PROJECT_VERSION = 1;
				DEVELOPMENT_TEAM = DBK476475Y;
				GENERATE_INFOPLIST_FILE = YES;
				INFOPLIST_FILE = PrintyThumbnail/Info.plist;
				INFOPLIST_KEY_CFBundleDisplayName = PrintyThumbnail;
				INFOPLIST_KEY_NSHumanReadableCopyright = "";
				LD_RUNPATH_SEARCH_PATHS = (
					"$(inherited)",
					"@executable_path/Frameworks",
					"@executable_path/../../Frameworks",
				);
				MARKETING_VERSION = 1.0;
				PRODUCT_BUNDLE_IDENTIFIER = com.lukevanin.Printy.PrintyThumbnail;
				PRODUCT_NAME = "$(TARGET_NAME)";
				SKIP_INSTALL = YES;
				SWIFT_EMIT_LOC_STRINGS = YES;
				SWIFT_VERSION = 5.0;
				TARGETED_DEVICE_FAMILY = "1,2";
			};
			name = Debug;
		};
		FC9DF99D29300CE6008E8D79 /* Release */ = {
			isa = XCBuildConfiguration;
			buildSettings = {
				CODE_SIGN_STYLE = Automatic;
				CURRENT_PROJECT_VERSION = 1;
				DEVELOPMENT_TEAM = DBK476475Y;
				GENERATE_INFOPLIST_FILE = YES;
				INFOPLIST_FILE = PrintyThumbnail/Info.plist;
				INFOPLIST_KEY_CFBundleDisplayName = PrintyThumbnail;
				INFOPLIST_KEY_NSHumanReadableCopyright = "";
				LD_RUNPATH_SEARCH_PATHS = (
					"$(inherited)",
					"@executable_path/Frameworks",
					"@executable_path/../../Frameworks",
				);
				MARKETING_VERSION = 1.0;
				PRODUCT_BUNDLE_IDENTIFIER = com.lukevanin.Printy.PrintyThumbnail;
				PRODUCT_NAME = "$(TARGET_NAME)";
				SKIP_INSTALL = YES;
				SWIFT_EMIT_LOC_STRINGS = YES;
				SWIFT_VERSION = 5.0;
				TARGETED_DEVICE_FAMILY = "1,2";
			};
			name = Release;
		};
		FC9DF9AD29300D90008E8D79 /* Debug */ = {
			isa = XCBuildConfiguration;
			buildSettings = {
				CODE_SIGN_STYLE = Automatic;
				CURRENT_PROJECT_VERSION = 1;
				DEFINES_MODULE = YES;
				DEVELOPMENT_TEAM = DBK476475Y;
				DYLIB_COMPATIBILITY_VERSION = 1;
				DYLIB_CURRENT_VERSION = 1;
				DYLIB_INSTALL_NAME_BASE = "@rpath";
				GENERATE_INFOPLIST_FILE = YES;
				INFOPLIST_KEY_NSHumanReadableCopyright = "";
				INSTALL_PATH = "$(LOCAL_LIBRARY_DIR)/Frameworks";
				LD_RUNPATH_SEARCH_PATHS = (
					"$(inherited)",
					"@executable_path/Frameworks",
					"@loader_path/Frameworks",
				);
				MARKETING_VERSION = 1.0;
				PRODUCT_BUNDLE_IDENTIFIER = com.lukevanin.PrintySDK;
				PRODUCT_NAME = "$(TARGET_NAME:c99extidentifier)";
				SKIP_INSTALL = YES;
				SWIFT_EMIT_LOC_STRINGS = YES;
				SWIFT_VERSION = 5.0;
				TARGETED_DEVICE_FAMILY = "1,2";
				VERSIONING_SYSTEM = "apple-generic";
				VERSION_INFO_PREFIX = "";
			};
			name = Debug;
		};
		FC9DF9AE29300D90008E8D79 /* Release */ = {
			isa = XCBuildConfiguration;
			buildSettings = {
				CODE_SIGN_STYLE = Automatic;
				CURRENT_PROJECT_VERSION = 1;
				DEFINES_MODULE = YES;
				DEVELOPMENT_TEAM = DBK476475Y;
				DYLIB_COMPATIBILITY_VERSION = 1;
				DYLIB_CURRENT_VERSION = 1;
				DYLIB_INSTALL_NAME_BASE = "@rpath";
				GENERATE_INFOPLIST_FILE = YES;
				INFOPLIST_KEY_NSHumanReadableCopyright = "";
				INSTALL_PATH = "$(LOCAL_LIBRARY_DIR)/Frameworks";
				LD_RUNPATH_SEARCH_PATHS = (
					"$(inherited)",
					"@executable_path/Frameworks",
					"@loader_path/Frameworks",
				);
				MARKETING_VERSION = 1.0;
				PRODUCT_BUNDLE_IDENTIFIER = com.lukevanin.PrintySDK;
				PRODUCT_NAME = "$(TARGET_NAME:c99extidentifier)";
				SKIP_INSTALL = YES;
				SWIFT_EMIT_LOC_STRINGS = YES;
				SWIFT_VERSION = 5.0;
				TARGETED_DEVICE_FAMILY = "1,2";
				VERSIONING_SYSTEM = "apple-generic";
				VERSION_INFO_PREFIX = "";
			};
			name = Release;
		};
		FCE646662924C33A004EB546 /* Debug */ = {
			isa = XCBuildConfiguration;
			buildSettings = {
				ALWAYS_SEARCH_USER_PATHS = NO;
				CLANG_ANALYZER_NONNULL = YES;
				CLANG_ANALYZER_NUMBER_OBJECT_CONVERSION = YES_AGGRESSIVE;
				CLANG_CXX_LANGUAGE_STANDARD = "gnu++17";
				CLANG_ENABLE_MODULES = YES;
				CLANG_ENABLE_OBJC_ARC = YES;
				CLANG_ENABLE_OBJC_WEAK = YES;
				CLANG_WARN_BLOCK_CAPTURE_AUTORELEASING = YES;
				CLANG_WARN_BOOL_CONVERSION = YES;
				CLANG_WARN_COMMA = YES;
				CLANG_WARN_CONSTANT_CONVERSION = YES;
				CLANG_WARN_DEPRECATED_OBJC_IMPLEMENTATIONS = YES;
				CLANG_WARN_DIRECT_OBJC_ISA_USAGE = YES_ERROR;
				CLANG_WARN_DOCUMENTATION_COMMENTS = YES;
				CLANG_WARN_EMPTY_BODY = YES;
				CLANG_WARN_ENUM_CONVERSION = YES;
				CLANG_WARN_INFINITE_RECURSION = YES;
				CLANG_WARN_INT_CONVERSION = YES;
				CLANG_WARN_NON_LITERAL_NULL_CONVERSION = YES;
				CLANG_WARN_OBJC_IMPLICIT_RETAIN_SELF = YES;
				CLANG_WARN_OBJC_LITERAL_CONVERSION = YES;
				CLANG_WARN_OBJC_ROOT_CLASS = YES_ERROR;
				CLANG_WARN_QUOTED_INCLUDE_IN_FRAMEWORK_HEADER = YES;
				CLANG_WARN_RANGE_LOOP_ANALYSIS = YES;
				CLANG_WARN_STRICT_PROTOTYPES = YES;
				CLANG_WARN_SUSPICIOUS_MOVE = YES;
				CLANG_WARN_UNGUARDED_AVAILABILITY = YES_AGGRESSIVE;
				CLANG_WARN_UNREACHABLE_CODE = YES;
				CLANG_WARN__DUPLICATE_METHOD_MATCH = YES;
				COPY_PHASE_STRIP = NO;
				DEBUG_INFORMATION_FORMAT = dwarf;
				ENABLE_STRICT_OBJC_MSGSEND = YES;
				ENABLE_TESTABILITY = YES;
				GCC_C_LANGUAGE_STANDARD = gnu11;
				GCC_DYNAMIC_NO_PIC = NO;
				GCC_NO_COMMON_BLOCKS = YES;
				GCC_OPTIMIZATION_LEVEL = 0;
				GCC_PREPROCESSOR_DEFINITIONS = (
					"DEBUG=1",
					"$(inherited)",
				);
				GCC_WARN_64_TO_32_BIT_CONVERSION = YES;
				GCC_WARN_ABOUT_RETURN_TYPE = YES_ERROR;
				GCC_WARN_UNDECLARED_SELECTOR = YES;
				GCC_WARN_UNINITIALIZED_AUTOS = YES_AGGRESSIVE;
				GCC_WARN_UNUSED_FUNCTION = YES;
				GCC_WARN_UNUSED_VARIABLE = YES;
				IPHONEOS_DEPLOYMENT_TARGET = 15.5;
				MTL_ENABLE_DEBUG_INFO = INCLUDE_SOURCE;
				MTL_FAST_MATH = YES;
				ONLY_ACTIVE_ARCH = YES;
				SDKROOT = iphoneos;
				SWIFT_ACTIVE_COMPILATION_CONDITIONS = DEBUG;
				SWIFT_OPTIMIZATION_LEVEL = "-Onone";
			};
			name = Debug;
		};
		FCE646672924C33A004EB546 /* Release */ = {
			isa = XCBuildConfiguration;
			buildSettings = {
				ALWAYS_SEARCH_USER_PATHS = NO;
				CLANG_ANALYZER_NONNULL = YES;
				CLANG_ANALYZER_NUMBER_OBJECT_CONVERSION = YES_AGGRESSIVE;
				CLANG_CXX_LANGUAGE_STANDARD = "gnu++17";
				CLANG_ENABLE_MODULES = YES;
				CLANG_ENABLE_OBJC_ARC = YES;
				CLANG_ENABLE_OBJC_WEAK = YES;
				CLANG_WARN_BLOCK_CAPTURE_AUTORELEASING = YES;
				CLANG_WARN_BOOL_CONVERSION = YES;
				CLANG_WARN_COMMA = YES;
				CLANG_WARN_CONSTANT_CONVERSION = YES;
				CLANG_WARN_DEPRECATED_OBJC_IMPLEMENTATIONS = YES;
				CLANG_WARN_DIRECT_OBJC_ISA_USAGE = YES_ERROR;
				CLANG_WARN_DOCUMENTATION_COMMENTS = YES;
				CLANG_WARN_EMPTY_BODY = YES;
				CLANG_WARN_ENUM_CONVERSION = YES;
				CLANG_WARN_INFINITE_RECURSION = YES;
				CLANG_WARN_INT_CONVERSION = YES;
				CLANG_WARN_NON_LITERAL_NULL_CONVERSION = YES;
				CLANG_WARN_OBJC_IMPLICIT_RETAIN_SELF = YES;
				CLANG_WARN_OBJC_LITERAL_CONVERSION = YES;
				CLANG_WARN_OBJC_ROOT_CLASS = YES_ERROR;
				CLANG_WARN_QUOTED_INCLUDE_IN_FRAMEWORK_HEADER = YES;
				CLANG_WARN_RANGE_LOOP_ANALYSIS = YES;
				CLANG_WARN_STRICT_PROTOTYPES = YES;
				CLANG_WARN_SUSPICIOUS_MOVE = YES;
				CLANG_WARN_UNGUARDED_AVAILABILITY = YES_AGGRESSIVE;
				CLANG_WARN_UNREACHABLE_CODE = YES;
				CLANG_WARN__DUPLICATE_METHOD_MATCH = YES;
				COPY_PHASE_STRIP = NO;
				DEBUG_INFORMATION_FORMAT = "dwarf-with-dsym";
				ENABLE_NS_ASSERTIONS = NO;
				ENABLE_STRICT_OBJC_MSGSEND = YES;
				GCC_C_LANGUAGE_STANDARD = gnu11;
				GCC_NO_COMMON_BLOCKS = YES;
				GCC_WARN_64_TO_32_BIT_CONVERSION = YES;
				GCC_WARN_ABOUT_RETURN_TYPE = YES_ERROR;
				GCC_WARN_UNDECLARED_SELECTOR = YES;
				GCC_WARN_UNINITIALIZED_AUTOS = YES_AGGRESSIVE;
				GCC_WARN_UNUSED_FUNCTION = YES;
				GCC_WARN_UNUSED_VARIABLE = YES;
				IPHONEOS_DEPLOYMENT_TARGET = 15.5;
				MTL_ENABLE_DEBUG_INFO = NO;
				MTL_FAST_MATH = YES;
				SDKROOT = iphoneos;
				SWIFT_COMPILATION_MODE = wholemodule;
				SWIFT_OPTIMIZATION_LEVEL = "-O";
				VALIDATE_PRODUCT = YES;
			};
			name = Release;
		};
		FCE646692924C33A004EB546 /* Debug */ = {
			isa = XCBuildConfiguration;
			buildSettings = {
				ALWAYS_EMBED_SWIFT_STANDARD_LIBRARIES = YES;
				ASSETCATALOG_COMPILER_APPICON_NAME = AppIcon;
				ASSETCATALOG_COMPILER_GLOBAL_ACCENT_COLOR_NAME = AccentColor;
				CODE_SIGN_STYLE = Automatic;
				CURRENT_PROJECT_VERSION = 1;
				DEVELOPMENT_TEAM = DBK476475Y;
				GENERATE_INFOPLIST_FILE = YES;
				INFOPLIST_FILE = Printy/Info.plist;
				INFOPLIST_KEY_UIApplicationSupportsIndirectInputEvents = YES;
				INFOPLIST_KEY_UILaunchStoryboardName = LaunchScreen;
				INFOPLIST_KEY_UIRequiresFullScreen = YES;
				INFOPLIST_KEY_UISupportedInterfaceOrientations = "UIInterfaceOrientationPortrait UIInterfaceOrientationPortraitUpsideDown UIInterfaceOrientationLandscapeLeft UIInterfaceOrientationLandscapeRight";
				INFOPLIST_KEY_UISupportedInterfaceOrientations_iPad = "UIInterfaceOrientationPortrait UIInterfaceOrientationPortraitUpsideDown UIInterfaceOrientationLandscapeLeft UIInterfaceOrientationLandscapeRight";
				INFOPLIST_KEY_UISupportedInterfaceOrientations_iPhone = "UIInterfaceOrientationPortrait UIInterfaceOrientationLandscapeLeft UIInterfaceOrientationLandscapeRight";
				LD_RUNPATH_SEARCH_PATHS = (
					"$(inherited)",
					"@executable_path/Frameworks",
				);
				MARKETING_VERSION = 1.0;
				PRODUCT_BUNDLE_IDENTIFIER = com.lukevanin.Printy;
				PRODUCT_NAME = "$(TARGET_NAME)";
				SWIFT_EMIT_LOC_STRINGS = YES;
				SWIFT_VERSION = 5.0;
				TARGETED_DEVICE_FAMILY = "1,2";
			};
			name = Debug;
		};
		FCE6466A2924C33A004EB546 /* Release */ = {
			isa = XCBuildConfiguration;
			buildSettings = {
				ALWAYS_EMBED_SWIFT_STANDARD_LIBRARIES = YES;
				ASSETCATALOG_COMPILER_APPICON_NAME = AppIcon;
				ASSETCATALOG_COMPILER_GLOBAL_ACCENT_COLOR_NAME = AccentColor;
				CODE_SIGN_STYLE = Automatic;
				CURRENT_PROJECT_VERSION = 1;
				DEVELOPMENT_TEAM = DBK476475Y;
				GENERATE_INFOPLIST_FILE = YES;
				INFOPLIST_FILE = Printy/Info.plist;
				INFOPLIST_KEY_UIApplicationSupportsIndirectInputEvents = YES;
				INFOPLIST_KEY_UILaunchStoryboardName = LaunchScreen;
				INFOPLIST_KEY_UIRequiresFullScreen = YES;
				INFOPLIST_KEY_UISupportedInterfaceOrientations = "UIInterfaceOrientationPortrait UIInterfaceOrientationPortraitUpsideDown UIInterfaceOrientationLandscapeLeft UIInterfaceOrientationLandscapeRight";
				INFOPLIST_KEY_UISupportedInterfaceOrientations_iPad = "UIInterfaceOrientationPortrait UIInterfaceOrientationPortraitUpsideDown UIInterfaceOrientationLandscapeLeft UIInterfaceOrientationLandscapeRight";
				INFOPLIST_KEY_UISupportedInterfaceOrientations_iPhone = "UIInterfaceOrientationPortrait UIInterfaceOrientationLandscapeLeft UIInterfaceOrientationLandscapeRight";
				LD_RUNPATH_SEARCH_PATHS = (
					"$(inherited)",
					"@executable_path/Frameworks",
				);
				MARKETING_VERSION = 1.0;
				PRODUCT_BUNDLE_IDENTIFIER = com.lukevanin.Printy;
				PRODUCT_NAME = "$(TARGET_NAME)";
				SWIFT_EMIT_LOC_STRINGS = YES;
				SWIFT_VERSION = 5.0;
				TARGETED_DEVICE_FAMILY = "1,2";
			};
			name = Release;
		};
/* End XCBuildConfiguration section */

/* Begin XCConfigurationList section */
		FC9DF99B29300CE6008E8D79 /* Build configuration list for PBXNativeTarget "PrintyThumbnail" */ = {
			isa = XCConfigurationList;
			buildConfigurations = (
				FC9DF99C29300CE6008E8D79 /* Debug */,
				FC9DF99D29300CE6008E8D79 /* Release */,
			);
			defaultConfigurationIsVisible = 0;
			defaultConfigurationName = Release;
		};
		FC9DF9AC29300D90008E8D79 /* Build configuration list for PBXNativeTarget "PrintySDK" */ = {
			isa = XCConfigurationList;
			buildConfigurations = (
				FC9DF9AD29300D90008E8D79 /* Debug */,
				FC9DF9AE29300D90008E8D79 /* Release */,
			);
			defaultConfigurationIsVisible = 0;
			defaultConfigurationName = Release;
		};
		FCE6464F2924C339004EB546 /* Build configuration list for PBXProject "Printy" */ = {
			isa = XCConfigurationList;
			buildConfigurations = (
				FCE646662924C33A004EB546 /* Debug */,
				FCE646672924C33A004EB546 /* Release */,
			);
			defaultConfigurationIsVisible = 0;
			defaultConfigurationName = Release;
		};
		FCE646682924C33A004EB546 /* Build configuration list for PBXNativeTarget "Printy" */ = {
			isa = XCConfigurationList;
			buildConfigurations = (
				FCE646692924C33A004EB546 /* Debug */,
				FCE6466A2924C33A004EB546 /* Release */,
			);
			defaultConfigurationIsVisible = 0;
			defaultConfigurationName = Release;
		};
/* End XCConfigurationList section */

/* Begin XCRemoteSwiftPackageReference section */
		FC9DF94E2924DAD1008E8D79 /* XCRemoteSwiftPackageReference "swift-mindstorms" */ = {
			isa = XCRemoteSwiftPackageReference;
			repositoryURL = "https://github.com/lukevanin/swift-mindstorms";
			requirement = {
				branch = main;
				kind = branch;
			};
		};
/* End XCRemoteSwiftPackageReference section */

/* Begin XCSwiftPackageProductDependency section */
		FC9DF94F2924DAD1008E8D79 /* SwiftMindstorms */ = {
			isa = XCSwiftPackageProductDependency;
			package = FC9DF94E2924DAD1008E8D79 /* XCRemoteSwiftPackageReference "swift-mindstorms" */;
			productName = SwiftMindstorms;
		};
/* End XCSwiftPackageProductDependency section */
	};
	rootObject = FCE6464C2924C339004EB546 /* Project object */;
}
